Microsoft Visual Studio Solution File, Format Version 12.00
# Visual Studio 14
VisualStudioVersion = 14.0.25123.0
MinimumVisualStudioVersion = 10.0.40219.1
Project("{F2A71F9B-5D33-465A-A702-920D77279786}") = "FSharp.Configuration.Tests", "tests\FSharp.Configuration.Tests\FSharp.Configuration.Tests.fsproj", "{E789C72A-5CFD-436B-8EF1-61AA2852A89F}"
EndProject
Project("{2150E333-8FDC-42A3-9474-1A3956D46DE8}") = "docs", "docs", "{7E6FF935-2C19-4DF3-A4C4-FAA1915D091A}"
	ProjectSection(SolutionItems) = preProject
		docs\content\app.config = docs\content\app.config
		docs\content\AppSettingsProvider.fsx = docs\content\AppSettingsProvider.fsx
		docs\content\index.fsx = docs\content\index.fsx
		docs\content\Resource1.resx = docs\content\Resource1.resx
		docs\content\ResXProvider.fsx = docs\content\ResXProvider.fsx
		docs\content\Settings.yaml = docs\content\Settings.yaml
		docs\content\YamlProvider.fsx = docs\content\YamlProvider.fsx
	EndProjectSection
EndProject
Project("{2150E333-8FDC-42A3-9474-1A3956D46DE8}") = ".paket", ".paket", "{00707297-93C6-42F9-BD52-E01726B4A7B3}"
	ProjectSection(SolutionItems) = preProject
		paket.dependencies = paket.dependencies
		paket.lock = paket.lock
	EndProjectSection
EndProject
Global
	GlobalSection(SolutionConfigurationPlatforms) = preSolution
		Debug|Any CPU = Debug|Any CPU
		Release|Any CPU = Release|Any CPU
	EndGlobalSection
	GlobalSection(ProjectConfigurationPlatforms) = postSolution
		{E789C72A-5CFD-436B-8EF1-61AA2852A89F}.Debug|Any CPU.ActiveCfg = Debug|Any CPU
		{E789C72A-5CFD-436B-8EF1-61AA2852A89F}.Debug|Any CPU.Build.0 = Debug|Any CPU
		{E789C72A-5CFD-436B-8EF1-61AA2852A89F}.Release|Any CPU.ActiveCfg = Release|Any CPU
		{E789C72A-5CFD-436B-8EF1-61AA2852A89F}.Release|Any CPU.Build.0 = Release|Any CPU
	EndGlobalSection
	GlobalSection(SolutionProperties) = preSolution
		HideSolutionNode = FALSE
	EndGlobalSection
EndGlobal
